
Microsoft Visual Studio Solution File, Format Version 11.00
# Visual Studio 2010
Project("{FAE04EC0-301F-11D3-BF4B-00C04F79EFBC}") = "Unity.Timeline", "Unity.Timeline.csproj", "{288a38e6-668a-3d3f-7277-5c7b6d3c4de5}"
EndProject
Project("{FAE04EC0-301F-11D3-BF4B-00C04F79EFBC}") = "Unity.Timeline.Editor", "Unity.Timeline.Editor.csproj", "{8b9ec002-5e24-7189-1dab-f2c952c706b2}"
EndProject
Project("{FAE04EC0-301F-11D3-BF4B-00C04F79EFBC}") = "Unity.TextMeshPro.Editor", "Unity.TextMeshPro.Editor.csproj", "{734d3649-d26f-2e4f-8611-6714e37b9417}"
EndProject
Project("{FAE04EC0-301F-11D3-BF4B-00C04F79EFBC}") = "Unity.VisualScripting.Flow", "Unity.VisualScripting.Flow.csproj", "{d0856812-d692-b9ae-12be-19da531dc158}"
EndProject
Project("{FAE04EC0-301F-11D3-BF4B-00C04F79EFBC}") = "UnityEditor.UI", "UnityEditor.UI.csproj", "{ca1acee5-b076-d06a-f032-5e101c81f95e}"
EndProject
Project("{FAE04EC0-301F-11D3-BF4B-00C04F79EFBC}") = "Unity.PlasticSCM.Editor", "Unity.PlasticSCM.Editor.csproj", "{7cf3771d-c9a5-dfd2-5b30-306b3544e3f6}"
EndProject
Project("{FAE04EC0-301F-11D3-BF4B-00C04F79EFBC}") = "Unity.VisualScripting.Core", "Unity.VisualScripting.Core.csproj", "{e7557194-39e7-b5a5-6a2f-e219157b8195}"
EndProject
Project("{FAE04EC0-301F-11D3-BF4B-00C04F79EFBC}") = "Unity.VisualScripting.Core.Editor", "Unity.VisualScripting.Core.Editor.csproj", "{f27425e1-a6e5-e498-759d-b1a9a9504e2a}"
EndProject
Project("{FAE04EC0-301F-11D3-BF4B-00C04F79EFBC}") = "Unity.VisualScripting.Flow.Editor", "Unity.VisualScripting.Flow.Editor.csproj", "{0a8eba08-b439-64e1-f135-04c748f75a5d}"
EndProject
Project("{FAE04EC0-301F-11D3-BF4B-00C04F79EFBC}") = "UnityEditor.TestRunner", "UnityEditor.TestRunner.csproj", "{b2115ea3-4270-6aa5-ee43-453de5a550f9}"
EndProject
Project("{FAE04EC0-301F-11D3-BF4B-00C04F79EFBC}") = "Unity.VisualScripting.SettingsProvider.Editor", "Unity.VisualScripting.SettingsProvider.Editor.csproj", "{95b46031-edb7-50af-c53c-4739af50d68a}"
EndProject
Project("{FAE04EC0-301F-11D3-BF4B-00C04F79EFBC}") = "UnityEngine.TestRunner", "UnityEngine.TestRunner.csproj", "{3cf8bd7c-6a79-8408-6ef9-5bd86301a942}"
EndProject
Project("{FAE04EC0-301F-11D3-BF4B-00C04F79EFBC}") = "UnityEngine.UI", "UnityEngine.UI.csproj", "{1da4d6b3-7c24-aaf6-63c1-f6304b5b4d26}"
EndProject
Project("{FAE04EC0-301F-11D3-BF4B-00C04F79EFBC}") = "Unity.VisualStudio.Editor", "Unity.VisualStudio.Editor.csproj", "{32ebca32-52f2-39ea-dc99-8848a724360f}"
EndProject
Project("{FAE04EC0-301F-11D3-BF4B-00C04F79EFBC}") = "Unity.TestTools.CodeCoverage.Editor.OpenCover.Model", "Unity.TestTools.CodeCoverage.Editor.OpenCover.Model.csproj", "{fed196d8-9aa5-2336-c5e5-e793075c4bcf}"
EndProject
Project("{FAE04EC0-301F-11D3-BF4B-00C04F79EFBC}") = "Unity.Rider.Editor", "Unity.Rider.Editor.csproj", "{a7d5eba8-09a2-5d38-1d7f-7da1e2011e2e}"
EndProject
Project("{FAE04EC0-301F-11D3-BF4B-00C04F79EFBC}") = "Unity.VisualScripting.State.Editor", "Unity.VisualScripting.State.Editor.csproj", "{84b3289b-3560-65c0-88f6-2b35fc6bb821}"
EndProject
Project("{FAE04EC0-301F-11D3-BF4B-00C04F79EFBC}") = "Unity.TestTools.CodeCoverage.Editor", "Unity.TestTools.CodeCoverage.Editor.csproj", "{e323ca14-51f3-5d37-1086-a6b1d231ffb4}"
EndProject
Project("{FAE04EC0-301F-11D3-BF4B-00C04F79EFBC}") = "Unity.VisualScripting.State", "Unity.VisualScripting.State.csproj", "{96ac7a1e-47d5-1ad0-e8b8-2d4d52a95e6e}"
EndProject
Project("{FAE04EC0-301F-11D3-BF4B-00C04F79EFBC}") = "Unity.TextMeshPro", "Unity.TextMeshPro.csproj", "{b3cdeccc-49c6-1aee-e0a9-3018a5bd04e7}"
EndProject
Project("{FAE04EC0-301F-11D3-BF4B-00C04F79EFBC}") = "Unity.Performance.Profile-Analyzer.Editor", "Unity.Performance.Profile-Analyzer.Editor.csproj", "{be91b23c-4131-399d-65c4-0accded42a79}"
EndProject
Project("{FAE04EC0-301F-11D3-BF4B-00C04F79EFBC}") = "Unity.VSCode.Editor", "Unity.VSCode.Editor.csproj", "{0bfd4e85-9e28-b688-64c1-3e33c220deec}"
EndProject
Project("{FAE04EC0-301F-11D3-BF4B-00C04F79EFBC}") = "Unity.TestTools.CodeCoverage.Editor.OpenCover.Mono.Reflection", "Unity.TestTools.CodeCoverage.Editor.OpenCover.Mono.Reflection.csproj", "{cff57535-1a06-6588-86d2-e0c71b6ae769}"
EndProject
Project("{FAE04EC0-301F-11D3-BF4B-00C04F79EFBC}") = "Unity.Settings.Editor", "Unity.Settings.Editor.csproj", "{8c5597a3-4090-165a-d31c-567dc9bfeaa0}"
EndProject
Project("{FAE04EC0-301F-11D3-BF4B-00C04F79EFBC}") = "Unity.EditorCoroutines.Editor", "Unity.EditorCoroutines.Editor.csproj", "{8d8a8259-d8a7-d9f1-5489-c7b65ad3b1fa}"
EndProject
Project("{FAE04EC0-301F-11D3-BF4B-00C04F79EFBC}") = "Unity.VisualScripting.Shared.Editor", "Unity.VisualScripting.Shared.Editor.csproj", "{880b80f1-26a6-9d3f-ef24-4301f47243ac}"
EndProject
Project("{FAE04EC0-301F-11D3-BF4B-00C04F79EFBC}") = "Unity.CollabProxy.Editor", "Unity.CollabProxy.Editor.csproj", "{0e9415bf-4b53-4fc6-6c7c-868680262087}"
EndProject
Global
	GlobalSection(SolutionConfigurationPlatforms) = preSolution
		Debug|Any CPU = Debug|Any CPU
	EndGlobalSection
	GlobalSection(ProjectConfigurationPlatforms) = postSolution
		{288a38e6-668a-3d3f-7277-5c7b6d3c4de5}.Debug|Any CPU.ActiveCfg = Debug|Any CPU
		{288a38e6-668a-3d3f-7277-5c7b6d3c4de5}.Debug|Any CPU.Build.0 = Debug|Any CPU
		{8b9ec002-5e24-7189-1dab-f2c952c706b2}.Debug|Any CPU.ActiveCfg = Debug|Any CPU
		{8b9ec002-5e24-7189-1dab-f2c952c706b2}.Debug|Any CPU.Build.0 = Debug|Any CPU
		{734d3649-d26f-2e4f-8611-6714e37b9417}.Debug|Any CPU.ActiveCfg = Debug|Any CPU
		{734d3649-d26f-2e4f-8611-6714e37b9417}.Debug|Any CPU.Build.0 = Debug|Any CPU
		{d0856812-d692-b9ae-12be-19da531dc158}.Debug|Any CPU.ActiveCfg = Debug|Any CPU
		{d0856812-d692-b9ae-12be-19da531dc158}.Debug|Any CPU.Build.0 = Debug|Any CPU
		{ca1acee5-b076-d06a-f032-5e101c81f95e}.Debug|Any CPU.ActiveCfg = Debug|Any CPU
		{ca1acee5-b076-d06a-f032-5e101c81f95e}.Debug|Any CPU.Build.0 = Debug|Any CPU
		{7cf3771d-c9a5-dfd2-5b30-306b3544e3f6}.Debug|Any CPU.ActiveCfg = Debug|Any CPU
		{7cf3771d-c9a5-dfd2-5b30-306b3544e3f6}.Debug|Any CPU.Build.0 = Debug|Any CPU
		{e7557194-39e7-b5a5-6a2f-e219157b8195}.Debug|Any CPU.ActiveCfg = Debug|Any CPU
		{e7557194-39e7-b5a5-6a2f-e219157b8195}.Debug|Any CPU.Build.0 = Debug|Any CPU
		{f27425e1-a6e5-e498-759d-b1a9a9504e2a}.Debug|Any CPU.ActiveCfg = Debug|Any CPU
		{f27425e1-a6e5-e498-759d-b1a9a9504e2a}.Debug|Any CPU.Build.0 = Debug|Any CPU
		{0a8eba08-b439-64e1-f135-04c748f75a5d}.Debug|Any CPU.ActiveCfg = Debug|Any CPU
		{0a8eba08-b439-64e1-f135-04c748f75a5d}.Debug|Any CPU.Build.0 = Debug|Any CPU
		{b2115ea3-4270-6aa5-ee43-453de5a550f9}.Debug|Any CPU.ActiveCfg = Debug|Any CPU
		{b2115ea3-4270-6aa5-ee43-453de5a550f9}.Debug|Any CPU.Build.0 = Debug|Any CPU
		{95b46031-edb7-50af-c53c-4739af50d68a}.Debug|Any CPU.ActiveCfg = Debug|Any CPU
		{95b46031-edb7-50af-c53c-4739af50d68a}.Debug|Any CPU.Build.0 = Debug|Any CPU
		{3cf8bd7c-6a79-8408-6ef9-5bd86301a942}.Debug|Any CPU.ActiveCfg = Debug|Any CPU
		{3cf8bd7c-6a79-8408-6ef9-5bd86301a942}.Debug|Any CPU.Build.0 = Debug|Any CPU
		{1da4d6b3-7c24-aaf6-63c1-f6304b5b4d26}.Debug|Any CPU.ActiveCfg = Debug|Any CPU
		{1da4d6b3-7c24-aaf6-63c1-f6304b5b4d26}.Debug|Any CPU.Build.0 = Debug|Any CPU
		{32ebca32-52f2-39ea-dc99-8848a724360f}.Debug|Any CPU.ActiveCfg = Debug|Any CPU
		{32ebca32-52f2-39ea-dc99-8848a724360f}.Debug|Any CPU.Build.0 = Debug|Any CPU
		{fed196d8-9aa5-2336-c5e5-e793075c4bcf}.Debug|Any CPU.ActiveCfg = Debug|Any CPU
		{fed196d8-9aa5-2336-c5e5-e793075c4bcf}.Debug|Any CPU.Build.0 = Debug|Any CPU
		{a7d5eba8-09a2-5d38-1d7f-7da1e2011e2e}.Debug|Any CPU.ActiveCfg = Debug|Any CPU
		{a7d5eba8-09a2-5d38-1d7f-7da1e2011e2e}.Debug|Any CPU.Build.0 = Debug|Any CPU
		{84b3289b-3560-65c0-88f6-2b35fc6bb821}.Debug|Any CPU.ActiveCfg = Debug|Any CPU
		{84b3289b-3560-65c0-88f6-2b35fc6bb821}.Debug|Any CPU.Build.0 = Debug|Any CPU
		{e323ca14-51f3-5d37-1086-a6b1d231ffb4}.Debug|Any CPU.ActiveCfg = Debug|Any CPU
		{e323ca14-51f3-5d37-1086-a6b1d231ffb4}.Debug|Any CPU.Build.0 = Debug|Any CPU
		{96ac7a1e-47d5-1ad0-e8b8-2d4d52a95e6e}.Debug|Any CPU.ActiveCfg = Debug|Any CPU
		{96ac7a1e-47d5-1ad0-e8b8-2d4d52a95e6e}.Debug|Any CPU.Build.0 = Debug|Any CPU
		{b3cdeccc-49c6-1aee-e0a9-3018a5bd04e7}.Debug|Any CPU.ActiveCfg = Debug|Any CPU
		{b3cdeccc-49c6-1aee-e0a9-3018a5bd04e7}.Debug|Any CPU.Build.0 = Debug|Any CPU
		{be91b23c-4131-399d-65c4-0accded42a79}.Debug|Any CPU.ActiveCfg = Debug|Any CPU
		{be91b23c-4131-399d-65c4-0accded42a79}.Debug|Any CPU.Build.0 = Debug|Any CPU
		{0bfd4e85-9e28-b688-64c1-3e33c220deec}.Debug|Any CPU.ActiveCfg = Debug|Any CPU
		{0bfd4e85-9e28-b688-64c1-3e33c220deec}.Debug|Any CPU.Build.0 = Debug|Any CPU
		{cff57535-1a06-6588-86d2-e0c71b6ae769}.Debug|Any CPU.ActiveCfg = Debug|Any CPU
		{cff57535-1a06-6588-86d2-e0c71b6ae769}.Debug|Any CPU.Build.0 = Debug|Any CPU
		{8c5597a3-4090-165a-d31c-567dc9bfeaa0}.Debug|Any CPU.ActiveCfg = Debug|Any CPU
		{8c5597a3-4090-165a-d31c-567dc9bfeaa0}.Debug|Any CPU.Build.0 = Debug|Any CPU
		{8d8a8259-d8a7-d9f1-5489-c7b65ad3b1fa}.Debug|Any CPU.ActiveCfg = Debug|Any CPU
		{8d8a8259-d8a7-d9f1-5489-c7b65ad3b1fa}.Debug|Any CPU.Build.0 = Debug|Any CPU
		{880b80f1-26a6-9d3f-ef24-4301f47243ac}.Debug|Any CPU.ActiveCfg = Debug|Any CPU
		{880b80f1-26a6-9d3f-ef24-4301f47243ac}.Debug|Any CPU.Build.0 = Debug|Any CPU
		{0e9415bf-4b53-4fc6-6c7c-868680262087}.Debug|Any CPU.ActiveCfg = Debug|Any CPU
		{0e9415bf-4b53-4fc6-6c7c-868680262087}.Debug|Any CPU.Build.0 = Debug|Any CPU
	EndGlobalSection
	GlobalSection(SolutionProperties) = preSolution
		HideSolutionNode = FALSE
	EndGlobalSection
EndGlobal
